// !$*UTF8*$!
{
	archiveVersion = 1;
	classes = {
	};
	objectVersion = 55;
	objects = {

/* Begin PBXBuildFile section */
		5512C504284BE078009A1D96 /* SwiftFormat in Frameworks */ = {isa = PBXBuildFile; productRef = 5512C503284BE078009A1D96 /* SwiftFormat */; };
		5512C506284BE078009A1D96 /* SwiftSemantics in Frameworks */ = {isa = PBXBuildFile; productRef = 5512C505284BE078009A1D96 /* SwiftSemantics */; };
		5512C507284BE08D009A1D96 /* MockGenerator.framework in Frameworks */ = {isa = PBXBuildFile; fileRef = 5543AC10284BDDFB004E44E7 /* MockGenerator.framework */; };
		5512C508284BE08D009A1D96 /* MockGenerator.framework in Embed Frameworks */ = {isa = PBXBuildFile; fileRef = 5543AC10284BDDFB004E44E7 /* MockGenerator.framework */; settings = {ATTRIBUTES = (CodeSignOnCopy, RemoveHeadersOnCopy, ); }; };
		5512C50C284BE0CD009A1D96 /* XcodeProtocol.swift in Sources */ = {isa = PBXBuildFile; fileRef = 5512C50B284BE0CD009A1D96 /* XcodeProtocol.swift */; };
		5512C510284BE12D009A1D96 /* MockXcodeProtocol.swift in Sources */ = {isa = PBXBuildFile; fileRef = 5512C50F284BE12D009A1D96 /* MockXcodeProtocol.swift */; };
		5543AC18284BDDFC004E44E7 /* MockGenerator.framework in Frameworks */ = {isa = PBXBuildFile; fileRef = 5543AC10284BDDFB004E44E7 /* MockGenerator.framework */; };
		5543AC1F284BDDFC004E44E7 /* MockGeneratorTests.swift in Sources */ = {isa = PBXBuildFile; fileRef = 5543AC1E284BDDFC004E44E7 /* MockGeneratorTests.swift */; };
		5543AC2B284BDE19004E44E7 /* Cocoa.framework in Frameworks */ = {isa = PBXBuildFile; fileRef = 554C65DE284297C4008864D8 /* Cocoa.framework */; };
		5543AC2C284BDE26004E44E7 /* lib_InternalSwiftSyntaxParser.dylib in Frameworks */ = {isa = PBXBuildFile; fileRef = 550E7B6C28469D3C00360435 /* lib_InternalSwiftSyntaxParser.dylib */; };
		5543AC31284BDE52004E44E7 /* DefaultValues.swift in Sources */ = {isa = PBXBuildFile; fileRef = 55DFD7B32847F4EA005E5BC0 /* DefaultValues.swift */; };
		5543AC32284BDE56004E44E7 /* GenError.swift in Sources */ = {isa = PBXBuildFile; fileRef = 55752CAB284377E4006818D9 /* GenError.swift */; };
		5543AC33284BDE56004E44E7 /* Mock.swift in Sources */ = {isa = PBXBuildFile; fileRef = 55752CAF28437836006818D9 /* Mock.swift */; };
		5543AC34284BDE5A004E44E7 /* SpyGenerator.swift in Sources */ = {isa = PBXBuildFile; fileRef = 5576D00F28436D1C00701E70 /* SpyGenerator.swift */; };
		5543AC35284BDE5D004E44E7 /* String+Extension.swift in Sources */ = {isa = PBXBuildFile; fileRef = 55752CB42843A375006818D9 /* String+Extension.swift */; };
		554C65CA284297AC008864D8 /* MockGenApp.swift in Sources */ = {isa = PBXBuildFile; fileRef = 554C65C9284297AC008864D8 /* MockGenApp.swift */; };
		554C65CC284297AC008864D8 /* ContentView.swift in Sources */ = {isa = PBXBuildFile; fileRef = 554C65CB284297AC008864D8 /* ContentView.swift */; };
		554C65CE284297AF008864D8 /* Assets.xcassets in Resources */ = {isa = PBXBuildFile; fileRef = 554C65CD284297AF008864D8 /* Assets.xcassets */; };
		554C65D1284297AF008864D8 /* Preview Assets.xcassets in Resources */ = {isa = PBXBuildFile; fileRef = 554C65D0284297AF008864D8 /* Preview Assets.xcassets */; };
		55BA421D284BEEF800ACE17B /* XcodeKit.framework in Frameworks */ = {isa = PBXBuildFile; fileRef = 554C65E0284297C4008864D8 /* XcodeKit.framework */; };
		55BA421E284BEEF800ACE17B /* XcodeKit.framework in Embed Frameworks */ = {isa = PBXBuildFile; fileRef = 554C65E0284297C4008864D8 /* XcodeKit.framework */; settings = {ATTRIBUTES = (CodeSignOnCopy, RemoveHeadersOnCopy, ); }; };
		55BA4220284BEF1500ACE17B /* XCSourceTextBuffer+Extension.swift in Sources */ = {isa = PBXBuildFile; fileRef = 5512C50D284BE10A009A1D96 /* XCSourceTextBuffer+Extension.swift */; };
		55BA4221284BF95D00ACE17B /* lib_InternalSwiftSyntaxParser.dylib in Frameworks */ = {isa = PBXBuildFile; fileRef = 550E7B6C28469D3C00360435 /* lib_InternalSwiftSyntaxParser.dylib */; };
		55BA4222284BF96500ACE17B /* lib_InternalSwiftSyntaxParser.dylib in Embed Frameworks */ = {isa = PBXBuildFile; fileRef = 550E7B6C28469D3C00360435 /* lib_InternalSwiftSyntaxParser.dylib */; settings = {ATTRIBUTES = (CodeSignOnCopy, ); }; };
		55E052B22846A4E20028AE0D /* BreathAnimation.swift in Sources */ = {isa = PBXBuildFile; fileRef = 55E052B12846A4E20028AE0D /* BreathAnimation.swift */; };
		55F187A12846956E009A22B3 /* Cocoa.framework in Frameworks */ = {isa = PBXBuildFile; fileRef = 554C65DE284297C4008864D8 /* Cocoa.framework */; };
		55F187A52846956E009A22B3 /* SourceEditorExtension.swift in Sources */ = {isa = PBXBuildFile; fileRef = 55F187A42846956E009A22B3 /* SourceEditorExtension.swift */; };
		55F187A72846956E009A22B3 /* SourceEditorCommand.swift in Sources */ = {isa = PBXBuildFile; fileRef = 55F187A62846956E009A22B3 /* SourceEditorCommand.swift */; };
		55F187AC2846956E009A22B3 /* SwiftMockGen.appex in Embed App Extensions */ = {isa = PBXBuildFile; fileRef = 55F187A02846956E009A22B3 /* SwiftMockGen.appex */; settings = {ATTRIBUTES = (RemoveHeadersOnCopy, ); }; };
/* End PBXBuildFile section */

/* Begin PBXContainerItemProxy section */
		5512C509284BE08D009A1D96 /* PBXContainerItemProxy */ = {
			isa = PBXContainerItemProxy;
			containerPortal = 554C65BE284297AC008864D8 /* Project object */;
			proxyType = 1;
			remoteGlobalIDString = 5543AC0F284BDDFB004E44E7;
			remoteInfo = MockGenerator;
		};
		5543AC19284BDDFC004E44E7 /* PBXContainerItemProxy */ = {
			isa = PBXContainerItemProxy;
			containerPortal = 554C65BE284297AC008864D8 /* Project object */;
			proxyType = 1;
			remoteGlobalIDString = 5543AC0F284BDDFB004E44E7;
			remoteInfo = MockGenerator;
		};
		5543AC1B284BDDFC004E44E7 /* PBXContainerItemProxy */ = {
			isa = PBXContainerItemProxy;
			containerPortal = 554C65BE284297AC008864D8 /* Project object */;
			proxyType = 1;
			remoteGlobalIDString = 554C65C5284297AC008864D8;
			remoteInfo = MockGen;
		};
		55F187AA2846956E009A22B3 /* PBXContainerItemProxy */ = {
			isa = PBXContainerItemProxy;
			containerPortal = 554C65BE284297AC008864D8 /* Project object */;
			proxyType = 1;
			remoteGlobalIDString = 55F1879F2846956E009A22B3;
			remoteInfo = SwiftMockGen;
		};
/* End PBXContainerItemProxy section */

/* Begin PBXCopyFilesBuildPhase section */
		5543ABBD284BD8A7004E44E7 /* Embed Frameworks */ = {
			isa = PBXCopyFilesBuildPhase;
			buildActionMask = 2147483647;
			dstPath = "";
			dstSubfolderSpec = 10;
			files = (
				5512C508284BE08D009A1D96 /* MockGenerator.framework in Embed Frameworks */,
				55BA4222284BF96500ACE17B /* lib_InternalSwiftSyntaxParser.dylib in Embed Frameworks */,
				55BA421E284BEEF800ACE17B /* XcodeKit.framework in Embed Frameworks */,
			);
			name = "Embed Frameworks";
			runOnlyForDeploymentPostprocessing = 0;
		};
		554C65EF284297C4008864D8 /* Embed App Extensions */ = {
			isa = PBXCopyFilesBuildPhase;
			buildActionMask = 2147483647;
			dstPath = "";
			dstSubfolderSpec = 13;
			files = (
				55F187AC2846956E009A22B3 /* SwiftMockGen.appex in Embed App Extensions */,
			);
			name = "Embed App Extensions";
			runOnlyForDeploymentPostprocessing = 0;
		};
/* End PBXCopyFilesBuildPhase section */

/* Begin PBXFileReference section */
		550E7B6C28469D3C00360435 /* lib_InternalSwiftSyntaxParser.dylib */ = {isa = PBXFileReference; lastKnownFileType = "compiled.mach-o.dylib"; name = lib_InternalSwiftSyntaxParser.dylib; path = MockGenerator/lib_InternalSwiftSyntaxParser.dylib; sourceTree = SOURCE_ROOT; };
		5512C50B284BE0CD009A1D96 /* XcodeProtocol.swift */ = {isa = PBXFileReference; lastKnownFileType = sourcecode.swift; path = XcodeProtocol.swift; sourceTree = "<group>"; };
		5512C50D284BE10A009A1D96 /* XCSourceTextBuffer+Extension.swift */ = {isa = PBXFileReference; lastKnownFileType = sourcecode.swift; path = "XCSourceTextBuffer+Extension.swift"; sourceTree = "<group>"; };
		5512C50F284BE12D009A1D96 /* MockXcodeProtocol.swift */ = {isa = PBXFileReference; lastKnownFileType = sourcecode.swift; path = MockXcodeProtocol.swift; sourceTree = "<group>"; };
		5543AC10284BDDFB004E44E7 /* MockGenerator.framework */ = {isa = PBXFileReference; explicitFileType = wrapper.framework; includeInIndex = 0; path = MockGenerator.framework; sourceTree = BUILT_PRODUCTS_DIR; };
		5543AC17284BDDFC004E44E7 /* MockGeneratorTests.xctest */ = {isa = PBXFileReference; explicitFileType = wrapper.cfbundle; includeInIndex = 0; path = MockGeneratorTests.xctest; sourceTree = BUILT_PRODUCTS_DIR; };
		5543AC1E284BDDFC004E44E7 /* MockGeneratorTests.swift */ = {isa = PBXFileReference; lastKnownFileType = sourcecode.swift; path = MockGeneratorTests.swift; sourceTree = "<group>"; };
		554C65C6284297AC008864D8 /* MockGen.app */ = {isa = PBXFileReference; explicitFileType = wrapper.application; includeInIndex = 0; path = MockGen.app; sourceTree = BUILT_PRODUCTS_DIR; };
		554C65C9284297AC008864D8 /* MockGenApp.swift */ = {isa = PBXFileReference; lastKnownFileType = sourcecode.swift; path = MockGenApp.swift; sourceTree = "<group>"; };
		554C65CB284297AC008864D8 /* ContentView.swift */ = {isa = PBXFileReference; lastKnownFileType = sourcecode.swift; path = ContentView.swift; sourceTree = "<group>"; };
		554C65CD284297AF008864D8 /* Assets.xcassets */ = {isa = PBXFileReference; lastKnownFileType = folder.assetcatalog; path = Assets.xcassets; sourceTree = "<group>"; };
		554C65D0284297AF008864D8 /* Preview Assets.xcassets */ = {isa = PBXFileReference; lastKnownFileType = folder.assetcatalog; path = "Preview Assets.xcassets"; sourceTree = "<group>"; };
		554C65D2284297AF008864D8 /* MockGen.entitlements */ = {isa = PBXFileReference; lastKnownFileType = text.plist.entitlements; path = MockGen.entitlements; sourceTree = "<group>"; };
		554C65DE284297C4008864D8 /* Cocoa.framework */ = {isa = PBXFileReference; lastKnownFileType = wrapper.framework; name = Cocoa.framework; path = System/Library/Frameworks/Cocoa.framework; sourceTree = SDKROOT; };
		554C65E0284297C4008864D8 /* XcodeKit.framework */ = {isa = PBXFileReference; lastKnownFileType = wrapper.framework; name = XcodeKit.framework; path = Library/Frameworks/XcodeKit.framework; sourceTree = DEVELOPER_DIR; };
		55752CA72843763D006818D9 /* Info.plist */ = {isa = PBXFileReference; lastKnownFileType = text.plist; path = Info.plist; sourceTree = "<group>"; };
		55752CAB284377E4006818D9 /* GenError.swift */ = {isa = PBXFileReference; lastKnownFileType = sourcecode.swift; path = GenError.swift; sourceTree = "<group>"; };
		55752CAF28437836006818D9 /* Mock.swift */ = {isa = PBXFileReference; lastKnownFileType = sourcecode.swift; path = Mock.swift; sourceTree = "<group>"; };
		55752CB42843A375006818D9 /* String+Extension.swift */ = {isa = PBXFileReference; lastKnownFileType = sourcecode.swift; path = "String+Extension.swift"; sourceTree = "<group>"; };
		5576D00F28436D1C00701E70 /* SpyGenerator.swift */ = {isa = PBXFileReference; lastKnownFileType = sourcecode.swift; path = SpyGenerator.swift; sourceTree = "<group>"; };
		55DFD7B32847F4EA005E5BC0 /* DefaultValues.swift */ = {isa = PBXFileReference; lastKnownFileType = sourcecode.swift; path = DefaultValues.swift; sourceTree = "<group>"; };
		55E052B12846A4E20028AE0D /* BreathAnimation.swift */ = {isa = PBXFileReference; lastKnownFileType = sourcecode.swift; path = BreathAnimation.swift; sourceTree = "<group>"; };
		55F187A02846956E009A22B3 /* SwiftMockGen.appex */ = {isa = PBXFileReference; explicitFileType = "wrapper.app-extension"; includeInIndex = 0; path = SwiftMockGen.appex; sourceTree = BUILT_PRODUCTS_DIR; };
		55F187A42846956E009A22B3 /* SourceEditorExtension.swift */ = {isa = PBXFileReference; lastKnownFileType = sourcecode.swift; path = SourceEditorExtension.swift; sourceTree = "<group>"; };
		55F187A62846956E009A22B3 /* SourceEditorCommand.swift */ = {isa = PBXFileReference; lastKnownFileType = sourcecode.swift; path = SourceEditorCommand.swift; sourceTree = "<group>"; };
		55F187A82846956E009A22B3 /* Info.plist */ = {isa = PBXFileReference; lastKnownFileType = text.plist.xml; path = Info.plist; sourceTree = "<group>"; };
		55F187A92846956E009A22B3 /* SwiftMockGen.entitlements */ = {isa = PBXFileReference; lastKnownFileType = text.plist.entitlements; path = SwiftMockGen.entitlements; sourceTree = "<group>"; };
/* End PBXFileReference section */

/* Begin PBXFrameworksBuildPhase section */
		5543AC0D284BDDFB004E44E7 /* Frameworks */ = {
			isa = PBXFrameworksBuildPhase;
			buildActionMask = 2147483647;
			files = (
				5512C504284BE078009A1D96 /* SwiftFormat in Frameworks */,
				5543AC2B284BDE19004E44E7 /* Cocoa.framework in Frameworks */,
				5543AC2C284BDE26004E44E7 /* lib_InternalSwiftSyntaxParser.dylib in Frameworks */,
				5512C506284BE078009A1D96 /* SwiftSemantics in Frameworks */,
			);
			runOnlyForDeploymentPostprocessing = 0;
		};
		5543AC14284BDDFC004E44E7 /* Frameworks */ = {
			isa = PBXFrameworksBuildPhase;
			buildActionMask = 2147483647;
			files = (
				5543AC18284BDDFC004E44E7 /* MockGenerator.framework in Frameworks */,
			);
			runOnlyForDeploymentPostprocessing = 0;
		};
		554C65C3284297AC008864D8 /* Frameworks */ = {
			isa = PBXFrameworksBuildPhase;
			buildActionMask = 2147483647;
			files = (
			);
			runOnlyForDeploymentPostprocessing = 0;
		};
		55F1879D2846956E009A22B3 /* Frameworks */ = {
			isa = PBXFrameworksBuildPhase;
			buildActionMask = 2147483647;
			files = (
				55BA421D284BEEF800ACE17B /* XcodeKit.framework in Frameworks */,
				55BA4221284BF95D00ACE17B /* lib_InternalSwiftSyntaxParser.dylib in Frameworks */,
				5512C507284BE08D009A1D96 /* MockGenerator.framework in Frameworks */,
				55F187A12846956E009A22B3 /* Cocoa.framework in Frameworks */,
			);
			runOnlyForDeploymentPostprocessing = 0;
		};
/* End PBXFrameworksBuildPhase section */

/* Begin PBXGroup section */
		5543AC11284BDDFB004E44E7 /* MockGenerator */ = {
			isa = PBXGroup;
			children = (
				550E7B6C28469D3C00360435 /* lib_InternalSwiftSyntaxParser.dylib */,
				55F79ED12843BBC800EE7942 /* Helpers */,
				55F79ED02843BBBB00EE7942 /* Core */,
				55F79ECF2843BB9100EE7942 /* SpyGenerator */,
				55752CB32843A368006818D9 /* Extensions */,
			);
			path = MockGenerator;
			sourceTree = "<group>";
		};
		5543AC1D284BDDFC004E44E7 /* MockGeneratorTests */ = {
			isa = PBXGroup;
			children = (
				5543AC1E284BDDFC004E44E7 /* MockGeneratorTests.swift */,
				5512C50F284BE12D009A1D96 /* MockXcodeProtocol.swift */,
			);
			path = MockGeneratorTests;
			sourceTree = "<group>";
		};
		554C65BD284297AC008864D8 = {
			isa = PBXGroup;
			children = (
				554C65C8284297AC008864D8 /* MockGen */,
				55F187A32846956E009A22B3 /* SwiftMockGen */,
				5543AC11284BDDFB004E44E7 /* MockGenerator */,
				5543AC1D284BDDFC004E44E7 /* MockGeneratorTests */,
				554C65DD284297C4008864D8 /* Frameworks */,
				554C65C7284297AC008864D8 /* Products */,
			);
			sourceTree = "<group>";
		};
		554C65C7284297AC008864D8 /* Products */ = {
			isa = PBXGroup;
			children = (
				554C65C6284297AC008864D8 /* MockGen.app */,
				55F187A02846956E009A22B3 /* SwiftMockGen.appex */,
				5543AC10284BDDFB004E44E7 /* MockGenerator.framework */,
				5543AC17284BDDFC004E44E7 /* MockGeneratorTests.xctest */,
			);
			name = Products;
			sourceTree = "<group>";
		};
		554C65C8284297AC008864D8 /* MockGen */ = {
			isa = PBXGroup;
			children = (
				55752CA72843763D006818D9 /* Info.plist */,
				554C65C9284297AC008864D8 /* MockGenApp.swift */,
				554C65CB284297AC008864D8 /* ContentView.swift */,
				55E052B12846A4E20028AE0D /* BreathAnimation.swift */,
				554C65CD284297AF008864D8 /* Assets.xcassets */,
				554C65D2284297AF008864D8 /* MockGen.entitlements */,
				554C65CF284297AF008864D8 /* Preview Content */,
			);
			path = MockGen;
			sourceTree = "<group>";
		};
		554C65CF284297AF008864D8 /* Preview Content */ = {
			isa = PBXGroup;
			children = (
				554C65D0284297AF008864D8 /* Preview Assets.xcassets */,
			);
			path = "Preview Content";
			sourceTree = "<group>";
		};
		554C65DD284297C4008864D8 /* Frameworks */ = {
			isa = PBXGroup;
			children = (
				554C65DE284297C4008864D8 /* Cocoa.framework */,
				554C65E0284297C4008864D8 /* XcodeKit.framework */,
			);
			name = Frameworks;
			sourceTree = "<group>";
		};
		55752CB32843A368006818D9 /* Extensions */ = {
			isa = PBXGroup;
			children = (
				55752CB42843A375006818D9 /* String+Extension.swift */,
			);
			path = Extensions;
			sourceTree = "<group>";
		};
		55BA421F284BEF0400ACE17B /* Extensions */ = {
			isa = PBXGroup;
			children = (
				5512C50D284BE10A009A1D96 /* XCSourceTextBuffer+Extension.swift */,
			);
			path = Extensions;
			sourceTree = "<group>";
		};
		55F187A32846956E009A22B3 /* SwiftMockGen */ = {
			isa = PBXGroup;
			children = (
				55BA421F284BEF0400ACE17B /* Extensions */,
				55F187A42846956E009A22B3 /* SourceEditorExtension.swift */,
				55F187A62846956E009A22B3 /* SourceEditorCommand.swift */,
				55F187A82846956E009A22B3 /* Info.plist */,
				55F187A92846956E009A22B3 /* SwiftMockGen.entitlements */,
			);
			path = SwiftMockGen;
			sourceTree = "<group>";
		};
		55F79ECF2843BB9100EE7942 /* SpyGenerator */ = {
			isa = PBXGroup;
			children = (
				5576D00F28436D1C00701E70 /* SpyGenerator.swift */,
			);
			path = SpyGenerator;
			sourceTree = "<group>";
		};
		55F79ED02843BBBB00EE7942 /* Core */ = {
			isa = PBXGroup;
			children = (
				55752CAB284377E4006818D9 /* GenError.swift */,
				55752CAF28437836006818D9 /* Mock.swift */,
				5512C50B284BE0CD009A1D96 /* XcodeProtocol.swift */,
			);
			path = Core;
			sourceTree = "<group>";
		};
		55F79ED12843BBC800EE7942 /* Helpers */ = {
			isa = PBXGroup;
			children = (
				55DFD7B32847F4EA005E5BC0 /* DefaultValues.swift */,
			);
			path = Helpers;
			sourceTree = "<group>";
		};
/* End PBXGroup section */

/* Begin PBXHeadersBuildPhase section */
		5543AC0B284BDDFB004E44E7 /* Headers */ = {
			isa = PBXHeadersBuildPhase;
			buildActionMask = 2147483647;
			files = (
			);
			runOnlyForDeploymentPostprocessing = 0;
		};
/* End PBXHeadersBuildPhase section */

/* Begin PBXNativeTarget section */
		5543AC0F284BDDFB004E44E7 /* MockGenerator */ = {
			isa = PBXNativeTarget;
			buildConfigurationList = 5543AC29284BDDFC004E44E7 /* Build configuration list for PBXNativeTarget "MockGenerator" */;
			buildPhases = (
				5543AC0B284BDDFB004E44E7 /* Headers */,
				5543AC0C284BDDFB004E44E7 /* Sources */,
				5543AC0D284BDDFB004E44E7 /* Frameworks */,
				5543AC0E284BDDFB004E44E7 /* Resources */,
			);
			buildRules = (
			);
			dependencies = (
			);
			name = MockGenerator;
			packageProductDependencies = (
				5512C503284BE078009A1D96 /* SwiftFormat */,
				5512C505284BE078009A1D96 /* SwiftSemantics */,
			);
			productName = MockGenerator;
			productReference = 5543AC10284BDDFB004E44E7 /* MockGenerator.framework */;
			productType = "com.apple.product-type.framework";
		};
		5543AC16284BDDFC004E44E7 /* MockGeneratorTests */ = {
			isa = PBXNativeTarget;
			buildConfigurationList = 5543AC2A284BDDFC004E44E7 /* Build configuration list for PBXNativeTarget "MockGeneratorTests" */;
			buildPhases = (
				5543AC13284BDDFC004E44E7 /* Sources */,
				5543AC14284BDDFC004E44E7 /* Frameworks */,
				5543AC15284BDDFC004E44E7 /* Resources */,
			);
			buildRules = (
			);
			dependencies = (
				5543AC1A284BDDFC004E44E7 /* PBXTargetDependency */,
				5543AC1C284BDDFC004E44E7 /* PBXTargetDependency */,
			);
			name = MockGeneratorTests;
			productName = MockGeneratorTests;
			productReference = 5543AC17284BDDFC004E44E7 /* MockGeneratorTests.xctest */;
			productType = "com.apple.product-type.bundle.unit-test";
		};
		554C65C5284297AC008864D8 /* MockGen */ = {
			isa = PBXNativeTarget;
			buildConfigurationList = 554C65D5284297AF008864D8 /* Build configuration list for PBXNativeTarget "MockGen" */;
			buildPhases = (
				554C65C2284297AC008864D8 /* Sources */,
				554C65C3284297AC008864D8 /* Frameworks */,
				554C65C4284297AC008864D8 /* Resources */,
				554C65EF284297C4008864D8 /* Embed App Extensions */,
			);
			buildRules = (
			);
			dependencies = (
				55F187AB2846956E009A22B3 /* PBXTargetDependency */,
			);
			name = MockGen;
			packageProductDependencies = (
			);
			productName = MockGen;
			productReference = 554C65C6284297AC008864D8 /* MockGen.app */;
			productType = "com.apple.product-type.application";
		};
		55F1879F2846956E009A22B3 /* SwiftMockGen */ = {
			isa = PBXNativeTarget;
			buildConfigurationList = 55F187AD2846956E009A22B3 /* Build configuration list for PBXNativeTarget "SwiftMockGen" */;
			buildPhases = (
				55F1879C2846956E009A22B3 /* Sources */,
				55F1879D2846956E009A22B3 /* Frameworks */,
				55F1879E2846956E009A22B3 /* Resources */,
				5543ABBD284BD8A7004E44E7 /* Embed Frameworks */,
			);
			buildRules = (
			);
			dependencies = (
				5512C50A284BE08D009A1D96 /* PBXTargetDependency */,
			);
			name = SwiftMockGen;
			packageProductDependencies = (
			);
			productName = SwiftMockGen;
			productReference = 55F187A02846956E009A22B3 /* SwiftMockGen.appex */;
			productType = "com.apple.product-type.xcode-extension";
		};
/* End PBXNativeTarget section */

/* Begin PBXProject section */
		554C65BE284297AC008864D8 /* Project object */ = {
			isa = PBXProject;
			attributes = {
				BuildIndependentTargetsInParallel = 1;
				LastSwiftUpdateCheck = 1340;
				LastUpgradeCheck = 1340;
				TargetAttributes = {
					5543AC0F284BDDFB004E44E7 = {
						CreatedOnToolsVersion = 13.4;
					};
					5543AC16284BDDFC004E44E7 = {
						CreatedOnToolsVersion = 13.4;
						TestTargetID = 554C65C5284297AC008864D8;
					};
					554C65C5284297AC008864D8 = {
						CreatedOnToolsVersion = 13.4;
					};
					55F1879F2846956E009A22B3 = {
						CreatedOnToolsVersion = 13.4;
					};
				};
			};
			buildConfigurationList = 554C65C1284297AC008864D8 /* Build configuration list for PBXProject "MockGen" */;
			compatibilityVersion = "Xcode 13.0";
			developmentRegion = en;
			hasScannedForEncodings = 0;
			knownRegions = (
				en,
				Base,
			);
			mainGroup = 554C65BD284297AC008864D8;
			packageReferences = (
				55519D3C284404D900FFD3E4 /* XCRemoteSwiftPackageReference "swift-format" */,
				55DFD7B22847F3EF005E5BC0 /* XCRemoteSwiftPackageReference "SwiftSemantics" */,
			);
			productRefGroup = 554C65C7284297AC008864D8 /* Products */;
			projectDirPath = "";
			projectRoot = "";
			targets = (
				554C65C5284297AC008864D8 /* MockGen */,
				55F1879F2846956E009A22B3 /* SwiftMockGen */,
				5543AC0F284BDDFB004E44E7 /* MockGenerator */,
				5543AC16284BDDFC004E44E7 /* MockGeneratorTests */,
			);
		};
/* End PBXProject section */

/* Begin PBXResourcesBuildPhase section */
		5543AC0E284BDDFB004E44E7 /* Resources */ = {
			isa = PBXResourcesBuildPhase;
			buildActionMask = 2147483647;
			files = (
			);
			runOnlyForDeploymentPostprocessing = 0;
		};
		5543AC15284BDDFC004E44E7 /* Resources */ = {
			isa = PBXResourcesBuildPhase;
			buildActionMask = 2147483647;
			files = (
			);
			runOnlyForDeploymentPostprocessing = 0;
		};
		554C65C4284297AC008864D8 /* Resources */ = {
			isa = PBXResourcesBuildPhase;
			buildActionMask = 2147483647;
			files = (
				554C65D1284297AF008864D8 /* Preview Assets.xcassets in Resources */,
				554C65CE284297AF008864D8 /* Assets.xcassets in Resources */,
			);
			runOnlyForDeploymentPostprocessing = 0;
		};
		55F1879E2846956E009A22B3 /* Resources */ = {
			isa = PBXResourcesBuildPhase;
			buildActionMask = 2147483647;
			files = (
			);
			runOnlyForDeploymentPostprocessing = 0;
		};
/* End PBXResourcesBuildPhase section */

/* Begin PBXSourcesBuildPhase section */
		5543AC0C284BDDFB004E44E7 /* Sources */ = {
			isa = PBXSourcesBuildPhase;
			buildActionMask = 2147483647;
			files = (
				5543AC34284BDE5A004E44E7 /* SpyGenerator.swift in Sources */,
				5512C50C284BE0CD009A1D96 /* XcodeProtocol.swift in Sources */,
				5543AC31284BDE52004E44E7 /* DefaultValues.swift in Sources */,
				5543AC32284BDE56004E44E7 /* GenError.swift in Sources */,
				5543AC35284BDE5D004E44E7 /* String+Extension.swift in Sources */,
				5543AC33284BDE56004E44E7 /* Mock.swift in Sources */,
			);
			runOnlyForDeploymentPostprocessing = 0;
		};
		5543AC13284BDDFC004E44E7 /* Sources */ = {
			isa = PBXSourcesBuildPhase;
			buildActionMask = 2147483647;
			files = (
				5543AC1F284BDDFC004E44E7 /* MockGeneratorTests.swift in Sources */,
				5512C510284BE12D009A1D96 /* MockXcodeProtocol.swift in Sources */,
			);
			runOnlyForDeploymentPostprocessing = 0;
		};
		554C65C2284297AC008864D8 /* Sources */ = {
			isa = PBXSourcesBuildPhase;
			buildActionMask = 2147483647;
			files = (
				554C65CC284297AC008864D8 /* ContentView.swift in Sources */,
				554C65CA284297AC008864D8 /* MockGenApp.swift in Sources */,
				55E052B22846A4E20028AE0D /* BreathAnimation.swift in Sources */,
			);
			runOnlyForDeploymentPostprocessing = 0;
		};
		55F1879C2846956E009A22B3 /* Sources */ = {
			isa = PBXSourcesBuildPhase;
			buildActionMask = 2147483647;
			files = (
				55F187A52846956E009A22B3 /* SourceEditorExtension.swift in Sources */,
				55F187A72846956E009A22B3 /* SourceEditorCommand.swift in Sources */,
				55BA4220284BEF1500ACE17B /* XCSourceTextBuffer+Extension.swift in Sources */,
			);
			runOnlyForDeploymentPostprocessing = 0;
		};
/* End PBXSourcesBuildPhase section */

/* Begin PBXTargetDependency section */
		5512C50A284BE08D009A1D96 /* PBXTargetDependency */ = {
			isa = PBXTargetDependency;
			target = 5543AC0F284BDDFB004E44E7 /* MockGenerator */;
			targetProxy = 5512C509284BE08D009A1D96 /* PBXContainerItemProxy */;
		};
		5543AC1A284BDDFC004E44E7 /* PBXTargetDependency */ = {
			isa = PBXTargetDependency;
			target = 5543AC0F284BDDFB004E44E7 /* MockGenerator */;
			targetProxy = 5543AC19284BDDFC004E44E7 /* PBXContainerItemProxy */;
		};
		5543AC1C284BDDFC004E44E7 /* PBXTargetDependency */ = {
			isa = PBXTargetDependency;
			target = 554C65C5284297AC008864D8 /* MockGen */;
			targetProxy = 5543AC1B284BDDFC004E44E7 /* PBXContainerItemProxy */;
		};
		55F187AB2846956E009A22B3 /* PBXTargetDependency */ = {
			isa = PBXTargetDependency;
			target = 55F1879F2846956E009A22B3 /* SwiftMockGen */;
			targetProxy = 55F187AA2846956E009A22B3 /* PBXContainerItemProxy */;
		};
/* End PBXTargetDependency section */

/* Begin XCBuildConfiguration section */
		5543AC25284BDDFC004E44E7 /* Debug */ = {
			isa = XCBuildConfiguration;
			buildSettings = {
				CODE_SIGN_STYLE = Automatic;
				COMBINE_HIDPI_IMAGES = YES;
				CURRENT_PROJECT_VERSION = 2;
				DEFINES_MODULE = YES;
				DEVELOPMENT_TEAM = E7R55236BC;
				DYLIB_COMPATIBILITY_VERSION = 1;
				DYLIB_CURRENT_VERSION = 1;
				DYLIB_INSTALL_NAME_BASE = "@rpath";
				FRAMEWORK_SEARCH_PATHS = (
					"$(inherited)",
					"$(PROJECT_DIR)/MockGenerator",
				);
				GENERATE_INFOPLIST_FILE = YES;
				INFOPLIST_KEY_NSHumanReadableCopyright = "";
				INSTALL_PATH = "$(LOCAL_LIBRARY_DIR)/Frameworks";
				LD_RUNPATH_SEARCH_PATHS = (
					"$(inherited)",
					"@executable_path/../Frameworks",
					"@loader_path/Frameworks",
				);
				LIBRARY_SEARCH_PATHS = (
					"$(inherited)",
					"$(PROJECT_DIR)/MockGenerator",
				);
				MARKETING_VERSION = 1.0.1;
				PRODUCT_BUNDLE_IDENTIFIER = com.yusufozgul.MockGenerator;
				PRODUCT_NAME = "$(TARGET_NAME:c99extidentifier)";
				SKIP_INSTALL = YES;
				SWIFT_EMIT_LOC_STRINGS = YES;
				SWIFT_VERSION = 5.0;
				VERSIONING_SYSTEM = "apple-generic";
				VERSION_INFO_PREFIX = "";
			};
			name = Debug;
		};
		5543AC26284BDDFC004E44E7 /* Release */ = {
			isa = XCBuildConfiguration;
			buildSettings = {
				CODE_SIGN_STYLE = Automatic;
				COMBINE_HIDPI_IMAGES = YES;
				CURRENT_PROJECT_VERSION = 2;
				DEFINES_MODULE = YES;
				DEVELOPMENT_TEAM = E7R55236BC;
				DYLIB_COMPATIBILITY_VERSION = 1;
				DYLIB_CURRENT_VERSION = 1;
				DYLIB_INSTALL_NAME_BASE = "@rpath";
				FRAMEWORK_SEARCH_PATHS = (
					"$(inherited)",
					"$(PROJECT_DIR)/MockGenerator",
				);
				GENERATE_INFOPLIST_FILE = YES;
				INFOPLIST_KEY_NSHumanReadableCopyright = "";
				INSTALL_PATH = "$(LOCAL_LIBRARY_DIR)/Frameworks";
				LD_RUNPATH_SEARCH_PATHS = (
					"$(inherited)",
					"@executable_path/../Frameworks",
					"@loader_path/Frameworks",
				);
				LIBRARY_SEARCH_PATHS = (
					"$(inherited)",
					"$(PROJECT_DIR)/MockGenerator",
				);
				MARKETING_VERSION = 1.0.1;
				PRODUCT_BUNDLE_IDENTIFIER = com.yusufozgul.MockGenerator;
				PRODUCT_NAME = "$(TARGET_NAME:c99extidentifier)";
				SKIP_INSTALL = YES;
				SWIFT_EMIT_LOC_STRINGS = YES;
				SWIFT_VERSION = 5.0;
				VERSIONING_SYSTEM = "apple-generic";
				VERSION_INFO_PREFIX = "";
			};
			name = Release;
		};
		5543AC27284BDDFC004E44E7 /* Debug */ = {
			isa = XCBuildConfiguration;
			buildSettings = {
				ALWAYS_EMBED_SWIFT_STANDARD_LIBRARIES = YES;
				CODE_SIGN_STYLE = Automatic;
				CURRENT_PROJECT_VERSION = 1;
				DEVELOPMENT_TEAM = 9FWJ7D45X4;
				GENERATE_INFOPLIST_FILE = YES;
				MARKETING_VERSION = 1.0;
				PRODUCT_BUNDLE_IDENTIFIER = com.yusufozgul.MockGeneratorTests;
				PRODUCT_NAME = "$(TARGET_NAME)";
				SWIFT_EMIT_LOC_STRINGS = NO;
				SWIFT_VERSION = 5.0;
				TEST_HOST = "$(BUILT_PRODUCTS_DIR)/MockGen.app/Contents/MacOS/MockGen";
			};
			name = Debug;
		};
		5543AC28284BDDFC004E44E7 /* Release */ = {
			isa = XCBuildConfiguration;
			buildSettings = {
				ALWAYS_EMBED_SWIFT_STANDARD_LIBRARIES = YES;
				CODE_SIGN_STYLE = Automatic;
				CURRENT_PROJECT_VERSION = 1;
				DEVELOPMENT_TEAM = 9FWJ7D45X4;
				GENERATE_INFOPLIST_FILE = YES;
				MARKETING_VERSION = 1.0;
				PRODUCT_BUNDLE_IDENTIFIER = com.yusufozgul.MockGeneratorTests;
				PRODUCT_NAME = "$(TARGET_NAME)";
				SWIFT_EMIT_LOC_STRINGS = NO;
				SWIFT_VERSION = 5.0;
				TEST_HOST = "$(BUILT_PRODUCTS_DIR)/MockGen.app/Contents/MacOS/MockGen";
			};
			name = Release;
		};
		554C65D3284297AF008864D8 /* Debug */ = {
			isa = XCBuildConfiguration;
			buildSettings = {
				ALWAYS_SEARCH_USER_PATHS = NO;
				CLANG_ANALYZER_NONNULL = YES;
				CLANG_ANALYZER_NUMBER_OBJECT_CONVERSION = YES_AGGRESSIVE;
				CLANG_CXX_LANGUAGE_STANDARD = "gnu++17";
				CLANG_ENABLE_MODULES = YES;
				CLANG_ENABLE_OBJC_ARC = YES;
				CLANG_ENABLE_OBJC_WEAK = YES;
				CLANG_WARN_BLOCK_CAPTURE_AUTORELEASING = YES;
				CLANG_WARN_BOOL_CONVERSION = YES;
				CLANG_WARN_COMMA = YES;
				CLANG_WARN_CONSTANT_CONVERSION = YES;
				CLANG_WARN_DEPRECATED_OBJC_IMPLEMENTATIONS = YES;
				CLANG_WARN_DIRECT_OBJC_ISA_USAGE = YES_ERROR;
				CLANG_WARN_DOCUMENTATION_COMMENTS = YES;
				CLANG_WARN_EMPTY_BODY = YES;
				CLANG_WARN_ENUM_CONVERSION = YES;
				CLANG_WARN_INFINITE_RECURSION = YES;
				CLANG_WARN_INT_CONVERSION = YES;
				CLANG_WARN_NON_LITERAL_NULL_CONVERSION = YES;
				CLANG_WARN_OBJC_IMPLICIT_RETAIN_SELF = YES;
				CLANG_WARN_OBJC_LITERAL_CONVERSION = YES;
				CLANG_WARN_OBJC_ROOT_CLASS = YES_ERROR;
				CLANG_WARN_QUOTED_INCLUDE_IN_FRAMEWORK_HEADER = YES;
				CLANG_WARN_RANGE_LOOP_ANALYSIS = YES;
				CLANG_WARN_STRICT_PROTOTYPES = YES;
				CLANG_WARN_SUSPICIOUS_MOVE = YES;
				CLANG_WARN_UNGUARDED_AVAILABILITY = YES_AGGRESSIVE;
				CLANG_WARN_UNREACHABLE_CODE = YES;
				CLANG_WARN__DUPLICATE_METHOD_MATCH = YES;
				COPY_PHASE_STRIP = NO;
				DEBUG_INFORMATION_FORMAT = dwarf;
				ENABLE_STRICT_OBJC_MSGSEND = YES;
				ENABLE_TESTABILITY = YES;
				GCC_C_LANGUAGE_STANDARD = gnu11;
				GCC_DYNAMIC_NO_PIC = NO;
				GCC_NO_COMMON_BLOCKS = YES;
				GCC_OPTIMIZATION_LEVEL = 0;
				GCC_PREPROCESSOR_DEFINITIONS = (
					"DEBUG=1",
					"$(inherited)",
				);
				GCC_WARN_64_TO_32_BIT_CONVERSION = YES;
				GCC_WARN_ABOUT_RETURN_TYPE = YES_ERROR;
				GCC_WARN_UNDECLARED_SELECTOR = YES;
				GCC_WARN_UNINITIALIZED_AUTOS = YES_AGGRESSIVE;
				GCC_WARN_UNUSED_FUNCTION = YES;
				GCC_WARN_UNUSED_VARIABLE = YES;
				MACOSX_DEPLOYMENT_TARGET = 12.3;
				MTL_ENABLE_DEBUG_INFO = INCLUDE_SOURCE;
				MTL_FAST_MATH = YES;
				ONLY_ACTIVE_ARCH = YES;
				SDKROOT = macosx;
				SWIFT_ACTIVE_COMPILATION_CONDITIONS = DEBUG;
				SWIFT_OPTIMIZATION_LEVEL = "-Onone";
			};
			name = Debug;
		};
		554C65D4284297AF008864D8 /* Release */ = {
			isa = XCBuildConfiguration;
			buildSettings = {
				ALWAYS_SEARCH_USER_PATHS = NO;
				CLANG_ANALYZER_NONNULL = YES;
				CLANG_ANALYZER_NUMBER_OBJECT_CONVERSION = YES_AGGRESSIVE;
				CLANG_CXX_LANGUAGE_STANDARD = "gnu++17";
				CLANG_ENABLE_MODULES = YES;
				CLANG_ENABLE_OBJC_ARC = YES;
				CLANG_ENABLE_OBJC_WEAK = YES;
				CLANG_WARN_BLOCK_CAPTURE_AUTORELEASING = YES;
				CLANG_WARN_BOOL_CONVERSION = YES;
				CLANG_WARN_COMMA = YES;
				CLANG_WARN_CONSTANT_CONVERSION = YES;
				CLANG_WARN_DEPRECATED_OBJC_IMPLEMENTATIONS = YES;
				CLANG_WARN_DIRECT_OBJC_ISA_USAGE = YES_ERROR;
				CLANG_WARN_DOCUMENTATION_COMMENTS = YES;
				CLANG_WARN_EMPTY_BODY = YES;
				CLANG_WARN_ENUM_CONVERSION = YES;
				CLANG_WARN_INFINITE_RECURSION = YES;
				CLANG_WARN_INT_CONVERSION = YES;
				CLANG_WARN_NON_LITERAL_NULL_CONVERSION = YES;
				CLANG_WARN_OBJC_IMPLICIT_RETAIN_SELF = YES;
				CLANG_WARN_OBJC_LITERAL_CONVERSION = YES;
				CLANG_WARN_OBJC_ROOT_CLASS = YES_ERROR;
				CLANG_WARN_QUOTED_INCLUDE_IN_FRAMEWORK_HEADER = YES;
				CLANG_WARN_RANGE_LOOP_ANALYSIS = YES;
				CLANG_WARN_STRICT_PROTOTYPES = YES;
				CLANG_WARN_SUSPICIOUS_MOVE = YES;
				CLANG_WARN_UNGUARDED_AVAILABILITY = YES_AGGRESSIVE;
				CLANG_WARN_UNREACHABLE_CODE = YES;
				CLANG_WARN__DUPLICATE_METHOD_MATCH = YES;
				COPY_PHASE_STRIP = NO;
				DEBUG_INFORMATION_FORMAT = "dwarf-with-dsym";
				ENABLE_NS_ASSERTIONS = NO;
				ENABLE_STRICT_OBJC_MSGSEND = YES;
				GCC_C_LANGUAGE_STANDARD = gnu11;
				GCC_NO_COMMON_BLOCKS = YES;
				GCC_WARN_64_TO_32_BIT_CONVERSION = YES;
				GCC_WARN_ABOUT_RETURN_TYPE = YES_ERROR;
				GCC_WARN_UNDECLARED_SELECTOR = YES;
				GCC_WARN_UNINITIALIZED_AUTOS = YES_AGGRESSIVE;
				GCC_WARN_UNUSED_FUNCTION = YES;
				GCC_WARN_UNUSED_VARIABLE = YES;
				MACOSX_DEPLOYMENT_TARGET = 12.3;
				MTL_ENABLE_DEBUG_INFO = NO;
				MTL_FAST_MATH = YES;
				SDKROOT = macosx;
				SWIFT_COMPILATION_MODE = wholemodule;
				SWIFT_OPTIMIZATION_LEVEL = "-O";
			};
			name = Release;
		};
		554C65D6284297AF008864D8 /* Debug */ = {
			isa = XCBuildConfiguration;
			buildSettings = {
				ALWAYS_EMBED_SWIFT_STANDARD_LIBRARIES = YES;
				ASSETCATALOG_COMPILER_APPICON_NAME = AppIcon;
				ASSETCATALOG_COMPILER_GLOBAL_ACCENT_COLOR_NAME = AccentColor;
				CODE_SIGN_ENTITLEMENTS = MockGen/MockGen.entitlements;
				CODE_SIGN_STYLE = Automatic;
				COMBINE_HIDPI_IMAGES = YES;
				CURRENT_PROJECT_VERSION = 2;
				DEVELOPMENT_ASSET_PATHS = "\"MockGen/Preview Content\"";
				DEVELOPMENT_TEAM = E7R55236BC;
				ENABLE_PREVIEWS = YES;
				GENERATE_INFOPLIST_FILE = YES;
				INFOPLIST_FILE = MockGen/Info.plist;
				INFOPLIST_KEY_LSApplicationCategoryType = "public.app-category.developer-tools";
				INFOPLIST_KEY_NSHumanReadableCopyright = "";
				LD_RUNPATH_SEARCH_PATHS = (
					"$(inherited)",
					"@executable_path/../Frameworks",
				);
				MARKETING_VERSION = 1.0.1;
				PRODUCT_BUNDLE_IDENTIFIER = com.yusufozgul.MockGen;
				PRODUCT_NAME = "$(TARGET_NAME)";
				SWIFT_EMIT_LOC_STRINGS = YES;
				SWIFT_VERSION = 5.0;
			};
			name = Debug;
		};
		554C65D7284297AF008864D8 /* Release */ = {
			isa = XCBuildConfiguration;
			buildSettings = {
				ALWAYS_EMBED_SWIFT_STANDARD_LIBRARIES = YES;
				ASSETCATALOG_COMPILER_APPICON_NAME = AppIcon;
				ASSETCATALOG_COMPILER_GLOBAL_ACCENT_COLOR_NAME = AccentColor;
				CODE_SIGN_ENTITLEMENTS = MockGen/MockGen.entitlements;
				CODE_SIGN_STYLE = Automatic;
				COMBINE_HIDPI_IMAGES = YES;
				CURRENT_PROJECT_VERSION = 2;
				DEVELOPMENT_ASSET_PATHS = "\"MockGen/Preview Content\"";
				DEVELOPMENT_TEAM = E7R55236BC;
				ENABLE_PREVIEWS = YES;
				GENERATE_INFOPLIST_FILE = YES;
				INFOPLIST_FILE = MockGen/Info.plist;
				INFOPLIST_KEY_LSApplicationCategoryType = "public.app-category.developer-tools";
				INFOPLIST_KEY_NSHumanReadableCopyright = "";
				LD_RUNPATH_SEARCH_PATHS = (
					"$(inherited)",
					"@executable_path/../Frameworks",
				);
				MARKETING_VERSION = 1.0.1;
				PRODUCT_BUNDLE_IDENTIFIER = com.yusufozgul.MockGen;
				PRODUCT_NAME = "$(TARGET_NAME)";
				SWIFT_EMIT_LOC_STRINGS = YES;
				SWIFT_VERSION = 5.0;
			};
			name = Release;
		};
		55F187AE2846956E009A22B3 /* Debug */ = {
			isa = XCBuildConfiguration;
			buildSettings = {
				CODE_SIGN_ENTITLEMENTS = SwiftMockGen/SwiftMockGen.entitlements;
				CODE_SIGN_STYLE = Automatic;
				COMBINE_HIDPI_IMAGES = YES;
				CURRENT_PROJECT_VERSION = 2;
				DEVELOPMENT_TEAM = E7R55236BC;
				ENABLE_HARDENED_RUNTIME = YES;
				GENERATE_INFOPLIST_FILE = YES;
				INFOPLIST_FILE = SwiftMockGen/Info.plist;
				INFOPLIST_KEY_CFBundleDisplayName = SwiftMockGen;
				INFOPLIST_KEY_NSHumanReadableCopyright = "";
				LD_RUNPATH_SEARCH_PATHS = (
					"$(inherited)",
					"@executable_path/../Frameworks",
					"@executable_path/../../../../Frameworks",
				);
				LIBRARY_SEARCH_PATHS = (
					"$(inherited)",
					"$(PROJECT_DIR)",
					"$(PROJECT_DIR)/MockGenerator",
				);
				MARKETING_VERSION = 1.0.1;
				PRODUCT_BUNDLE_IDENTIFIER = com.yusufozgul.MockGen.SwiftMockGen;
				PRODUCT_NAME = "$(TARGET_NAME)";
				SKIP_INSTALL = YES;
				SWIFT_EMIT_LOC_STRINGS = YES;
				SWIFT_VERSION = 5.0;
			};
			name = Debug;
		};
		55F187AF2846956E009A22B3 /* Release */ = {
			isa = XCBuildConfiguration;
			buildSettings = {
				CODE_SIGN_ENTITLEMENTS = SwiftMockGen/SwiftMockGen.entitlements;
				CODE_SIGN_STYLE = Automatic;
				COMBINE_HIDPI_IMAGES = YES;
				CURRENT_PROJECT_VERSION = 2;
				DEVELOPMENT_TEAM = E7R55236BC;
				ENABLE_HARDENED_RUNTIME = YES;
				GENERATE_INFOPLIST_FILE = YES;
				INFOPLIST_FILE = SwiftMockGen/Info.plist;
				INFOPLIST_KEY_CFBundleDisplayName = SwiftMockGen;
				INFOPLIST_KEY_NSHumanReadableCopyright = "";
				LD_RUNPATH_SEARCH_PATHS = (
					"$(inherited)",
					"@executable_path/../Frameworks",
					"@executable_path/../../../../Frameworks",
				);
				LIBRARY_SEARCH_PATHS = (
					"$(inherited)",
					"$(PROJECT_DIR)",
					"$(PROJECT_DIR)/MockGenerator",
				);
				MARKETING_VERSION = 1.0.1;
				PRODUCT_BUNDLE_IDENTIFIER = com.yusufozgul.MockGen.SwiftMockGen;
				PRODUCT_NAME = "$(TARGET_NAME)";
				SKIP_INSTALL = YES;
				SWIFT_EMIT_LOC_STRINGS = YES;
				SWIFT_VERSION = 5.0;
			};
			name = Release;
		};
/* End XCBuildConfiguration section */

/* Begin XCConfigurationList section */
		5543AC29284BDDFC004E44E7 /* Build configuration list for PBXNativeTarget "MockGenerator" */ = {
			isa = XCConfigurationList;
			buildConfigurations = (
				5543AC25284BDDFC004E44E7 /* Debug */,
				5543AC26284BDDFC004E44E7 /* Release */,
			);
			defaultConfigurationIsVisible = 0;
			defaultConfigurationName = Release;
		};
		5543AC2A284BDDFC004E44E7 /* Build configuration list for PBXNativeTarget "MockGeneratorTests" */ = {
			isa = XCConfigurationList;
			buildConfigurations = (
				5543AC27284BDDFC004E44E7 /* Debug */,
				5543AC28284BDDFC004E44E7 /* Release */,
			);
			defaultConfigurationIsVisible = 0;
			defaultConfigurationName = Release;
		};
		554C65C1284297AC008864D8 /* Build configuration list for PBXProject "MockGen" */ = {
			isa = XCConfigurationList;
			buildConfigurations = (
				554C65D3284297AF008864D8 /* Debug */,
				554C65D4284297AF008864D8 /* Release */,
			);
			defaultConfigurationIsVisible = 0;
			defaultConfigurationName = Release;
		};
		554C65D5284297AF008864D8 /* Build configuration list for PBXNativeTarget "MockGen" */ = {
			isa = XCConfigurationList;
			buildConfigurations = (
				554C65D6284297AF008864D8 /* Debug */,
				554C65D7284297AF008864D8 /* Release */,
			);
			defaultConfigurationIsVisible = 0;
			defaultConfigurationName = Release;
		};
		55F187AD2846956E009A22B3 /* Build configuration list for PBXNativeTarget "SwiftMockGen" */ = {
			isa = XCConfigurationList;
			buildConfigurations = (
				55F187AE2846956E009A22B3 /* Debug */,
				55F187AF2846956E009A22B3 /* Release */,
			);
			defaultConfigurationIsVisible = 0;
			defaultConfigurationName = Release;
		};
/* End XCConfigurationList section */

/* Begin XCRemoteSwiftPackageReference section */
		55519D3C284404D900FFD3E4 /* XCRemoteSwiftPackageReference "swift-format" */ = {
			isa = XCRemoteSwiftPackageReference;
			repositoryURL = "https://github.com/apple/swift-format";
			requirement = {
				kind = upToNextMajorVersion;
				minimumVersion = 0.50600.1;
			};
		};
		55DFD7B22847F3EF005E5BC0 /* XCRemoteSwiftPackageReference "SwiftSemantics" */ = {
			isa = XCRemoteSwiftPackageReference;
			repositoryURL = "https://github.com/yusufozgul/SwiftSemantics";
			requirement = {
				branch = main;
				kind = branch;
			};
		};
/* End XCRemoteSwiftPackageReference section */

/* Begin XCSwiftPackageProductDependency section */
		5512C503284BE078009A1D96 /* SwiftFormat */ = {
			isa = XCSwiftPackageProductDependency;
			package = 55519D3C284404D900FFD3E4 /* XCRemoteSwiftPackageReference "swift-format" */;
			productName = SwiftFormat;
		};
		5512C505284BE078009A1D96 /* SwiftSemantics */ = {
			isa = XCSwiftPackageProductDependency;
			package = 55DFD7B22847F3EF005E5BC0 /* XCRemoteSwiftPackageReference "SwiftSemantics" */;
			productName = SwiftSemantics;
		};
/* End XCSwiftPackageProductDependency section */
	};
	rootObject = 554C65BE284297AC008864D8 /* Project object */;
}
